
Microsoft Visual Studio Solution File, Format Version 12.00
# Visual Studio Version 17
VisualStudioVersion = 17.0.31903.59
MinimumVisualStudioVersion = 10.0.40219.1
Project("{9A19103F-16F7-4668-BE54-9A1E7A4F7556}") = "eWarehouse.BLL", "src\eWarehouse.BLL\eWarehouse.BLL.csproj", "{25C3CF47-5966-436E-9AE0-EFA961DBCE6F}"
EndProject
Project("{9A19103F-16F7-4668-BE54-9A1E7A4F7556}") = "eWarehouse.DAO", "src\eWarehouse.DAO\eWarehouse.DAO.csproj", "{2DB17BE0-67E2-4DC2-86B6-3163EBAD44BD}"
EndProject
Project("{9A19103F-16F7-4668-BE54-9A1E7A4F7556}") = "eWarehouse.Test", "src\eWarehouse.Test\eWarehouse.Test.csproj", "{7AE391BC-F5A2-41B4-A2B6-9E8089EB5826}"
EndProject
Project("{FAE04EC0-301F-11D3-BF4B-00C04F79EFBC}") = "eWarehouse.WindowsForm", "eWarehouse.WindowsForm\eWarehouse.WindowsForm.csproj", "{E91FE1CB-5B81-4391-856B-75A926B75F88}"
EndProject
Global
	GlobalSection(SolutionConfigurationPlatforms) = preSolution
		Debug|Any CPU = Debug|Any CPU
		Release|Any CPU = Release|Any CPU
	EndGlobalSection
	GlobalSection(ProjectConfigurationPlatforms) = postSolution
		{25C3CF47-5966-436E-9AE0-EFA961DBCE6F}.Debug|Any CPU.ActiveCfg = Debug|Any CPU
		{25C3CF47-5966-436E-9AE0-EFA961DBCE6F}.Debug|Any CPU.Build.0 = Debug|Any CPU
		{25C3CF47-5966-436E-9AE0-EFA961DBCE6F}.Release|Any CPU.ActiveCfg = Release|Any CPU
		{25C3CF47-5966-436E-9AE0-EFA961DBCE6F}.Release|Any CPU.Build.0 = Release|Any CPU
		{2DB17BE0-67E2-4DC2-86B6-3163EBAD44BD}.Debug|Any CPU.ActiveCfg = Debug|Any CPU
		{2DB17BE0-67E2-4DC2-86B6-3163EBAD44BD}.Debug|Any CPU.Build.0 = Debug|Any CPU
		{2DB17BE0-67E2-4DC2-86B6-3163EBAD44BD}.Release|Any CPU.ActiveCfg = Release|Any CPU
		{2DB17BE0-67E2-4DC2-86B6-3163EBAD44BD}.Release|Any CPU.Build.0 = Release|Any CPU
		{7AE391BC-F5A2-41B4-A2B6-9E8089EB5826}.Debug|Any CPU.ActiveCfg = Debug|Any CPU
		{7AE391BC-F5A2-41B4-A2B6-9E8089EB5826}.Debug|Any CPU.Build.0 = Debug|Any CPU
		{7AE391BC-F5A2-41B4-A2B6-9E8089EB5826}.Release|Any CPU.ActiveCfg = Release|Any CPU
		{7AE391BC-F5A2-41B4-A2B6-9E8089EB5826}.Release|Any CPU.Build.0 = Release|Any CPU
		{E91FE1CB-5B81-4391-856B-75A926B75F88}.Debug|Any CPU.ActiveCfg = Debug|Any CPU
		{E91FE1CB-5B81-4391-856B-75A926B75F88}.Debug|Any CPU.Build.0 = Debug|Any CPU
		{E91FE1CB-5B81-4391-856B-75A926B75F88}.Release|Any CPU.ActiveCfg = Release|Any CPU
		{E91FE1CB-5B81-4391-856B-75A926B75F88}.Release|Any CPU.Build.0 = Release|Any CPU
	EndGlobalSection
	GlobalSection(SolutionProperties) = preSolution
		HideSolutionNode = FALSE
	EndGlobalSection
	GlobalSection(ExtensibilityGlobals) = postSolution
		SolutionGuid = {FDD5FFB3-6798-4128-B265-90F482DE9E80}
	EndGlobalSection
EndGlobal
